Microsoft Visual Studio Solution File, Format Version 12.00
# Visual Studio Version 17
VisualStudioVersion = 17.10.35004.147
MinimumVisualStudioVersion = 10.0.40219.1
Project("{2150E333-8FDC-42A3-9474-1A3956D46DE8}") = "Solution Items", "Solution Items", "{064F960A-8AEF-4BAC-A5B5-790BE108C881}"
	ProjectSection(SolutionItems) = preProject
		.editorconfig = .editorconfig
		Directory.Build.props = Directory.Build.props
	EndProjectSection
EndProject
Project("{2150E333-8FDC-42A3-9474-1A3956D46DE8}") = "src", "src", "{7FA6DDDF-6B67-4972-96D7-9DFB60305BAF}"
EndProject
Project("{2150E333-8FDC-42A3-9474-1A3956D46DE8}") = "API", "API", "{79B0C265-DF2D-4330-9899-F31666C5EE81}"
EndProject
Project("{2150E333-8FDC-42A3-9474-1A3956D46DE8}") = "Common", "Common", "{D48B8939-6023-4061-83CA-77CE8E5BC12C}"
EndProject
Project("{2150E333-8FDC-42A3-9474-1A3956D46DE8}") = "Modules", "Modules", "{9EF2E3A3-0BC7-4B85-AB75-DF67C26C5CFF}"
EndProject
Project("{2150E333-8FDC-42A3-9474-1A3956D46DE8}") = "tests", "tests", "{19414345-B845-4197-BCB9-2AEE5CA411A4}"
EndProject
Project("{9A19103F-16F7-4668-BE54-9A1E7A4F7556}") = "Stockify.API", "src\API\Stockify.API\Stockify.API.csproj", "{164C1404-2555-4F47-8A1D-BE04A6D96535}"
EndProject
Project("{9A19103F-16F7-4668-BE54-9A1E7A4F7556}") = "Stockify.Common.Domain", "src\Common\Stockify.Common.Domain\Stockify.Common.Domain.csproj", "{9B486709-18FD-4CBD-BB11-AB5EABB2E10F}"
EndProject
Project("{9A19103F-16F7-4668-BE54-9A1E7A4F7556}") = "Stockify.Common.Application", "src\Common\Stockify.Common.Application\Stockify.Common.Application.csproj", "{E79C54EA-2111-4502-8912-B6E1A25D5805}"
EndProject
Project("{9A19103F-16F7-4668-BE54-9A1E7A4F7556}") = "Stockify.Common.Infrastructure", "src\Common\Stockify.Common.Infrastructure\Stockify.Common.Infrastructure.csproj", "{A029F03A-B114-4CFC-BB2C-F5E19F165945}"
EndProject
Project("{2150E333-8FDC-42A3-9474-1A3956D46DE8}") = "Users", "Users", "{2F6E5BEE-AE53-4FAF-AF2D-9A02ADD31C25}"
EndProject
Project("{9A19103F-16F7-4668-BE54-9A1E7A4F7556}") = "Stockify.Modules.Users.Domain", "src\Modules\Users\Stockify.Modules.Users.Domain\Stockify.Modules.Users.Domain.csproj", "{1425A404-7C4F-497D-8BCA-16883FB0F3DA}"
EndProject
Project("{9A19103F-16F7-4668-BE54-9A1E7A4F7556}") = "Stockify.Modules.Users.Application", "src\Modules\Users\Stockify.Modules.Users.Application\Stockify.Modules.Users.Application.csproj", "{3B12B3D4-AACC-43BD-B904-64CF4DFC4B39}"
EndProject
Project("{9A19103F-16F7-4668-BE54-9A1E7A4F7556}") = "Stockify.Modules.Users.Infrastructure", "src\Modules\Users\Stockify.Modules.Users.Infrastructure\Stockify.Modules.Users.Infrastructure.csproj", "{735D16F2-9F44-41C1-A554-FE08F75C84AE}"
EndProject
Project("{9A19103F-16F7-4668-BE54-9A1E7A4F7556}") = "Stockify.Common.Presentation", "src\Common\Stockify.Common.Presentation\Stockify.Common.Presentation.csproj", "{9DC201CD-94F1-46FD-9A6A-733E57B0A3EE}"
EndProject
Project("{9A19103F-16F7-4668-BE54-9A1E7A4F7556}") = "Stockify.Modules.Users.Presentation", "src\Modules\Users\Stockify.Modules.Users.Presentation\Stockify.Modules.Users.Presentation.csproj", "{0E8F02A9-78A2-4B2C-B480-8DE21075FFA2}"
EndProject
Project("{9A19103F-16F7-4668-BE54-9A1E7A4F7556}") = "Stockify.Modules.Users.IntegrationEvents", "src\Modules\Users\Stockify.Modules.Users.IntegrationEvents\Stockify.Modules.Users.IntegrationEvents.csproj", "{DD8AB109-ACFC-4BF1-B2BD-C6AE48BB8879}"
EndProject
Project("{E53339B2-1760-4266-BCC7-CA923CBCF16C}") = "docker-compose", "docker-compose.dcproj", "{23E7D90F-67C2-46CE-A01A-6C6EB88E613C}"
EndProject
Project("{2150E333-8FDC-42A3-9474-1A3956D46DE8}") = "tests", "tests", "{7E0F8ACA-DAB8-4073-A1FF-5F29BC6F1A71}"
EndProject
Project("{FAE04EC0-301F-11D3-BF4B-00C04F79EFBC}") = "Stockify.Modules.Users.ArchitectureTests", "src\Modules\Users\tests\Stockify.Modules.Users.ArchitectureTests\Stockify.Modules.Users.ArchitectureTests.csproj", "{FCDF1432-C6DA-4ECF-8B60-816B9FB4EB32}"
EndProject
Project("{2150E333-8FDC-42A3-9474-1A3956D46DE8}") = "Risks", "Risks", "{534DDA39-F4E4-42CD-A9B1-C65177497F96}"
EndProject
Project("{FAE04EC0-301F-11D3-BF4B-00C04F79EFBC}") = "Stockify.Modules.Risks.Domain", "src\Modules\Risks\Stockify.Modules.Risks.Domain\Stockify.Modules.Risks.Domain.csproj", "{F4FA55E4-D704-4C88-86BE-0DBE41FD1721}"
EndProject
Project("{FAE04EC0-301F-11D3-BF4B-00C04F79EFBC}") = "Stockify.Modules.Risks.Application", "src\Modules\Risks\Stockify.Modules.Risks.Application\Stockify.Modules.Risks.Application.csproj", "{6DD508CD-F491-41D2-81B9-6D5AA12B1189}"
EndProject
Project("{FAE04EC0-301F-11D3-BF4B-00C04F79EFBC}") = "Stockify.Modules.Risks.Infrastructure", "src\Modules\Risks\Stockify.Modules.Risks.Infrastructure\Stockify.Modules.Risks.Infrastructure.csproj", "{29F9787D-FA00-48D7-AD15-85EFBFCAC823}"
EndProject
Project("{FAE04EC0-301F-11D3-BF4B-00C04F79EFBC}") = "Stockify.Modules.Risks.Presentation", "src\Modules\Risks\Stockify.Modules.Risks.Presentation\Stockify.Modules.Risks.Presentation.csproj", "{8D091368-1E12-4AB3-9C6B-B26A5CB00FDE}"
EndProject
Project("{FAE04EC0-301F-11D3-BF4B-00C04F79EFBC}") = "Stockify.Modules.Risks.IntegrationEvents", "src\Modules\Risks\Stockify.Modules.Risks.IntegrationEvents\Stockify.Modules.Risks.IntegrationEvents.csproj", "{4F1361B6-0B04-4FB8-8D32-D8517151FF7C}"
EndProject
Project("{2150E333-8FDC-42A3-9474-1A3956D46DE8}") = "Stocks", "Stocks", "{D727D4F1-7A14-420C-981D-D48E0F605B1B}"
EndProject
Project("{FAE04EC0-301F-11D3-BF4B-00C04F79EFBC}") = "Stockify.Modules.Stocks.Domain", "src\Modules\Stocks\Stockify.Modules.Stocks.Domain\Stockify.Modules.Stocks.Domain.csproj", "{69953022-1ED5-442C-98CF-F94AE14D466F}"
EndProject
Project("{FAE04EC0-301F-11D3-BF4B-00C04F79EFBC}") = "Stockify.Modules.Stocks.Application", "src\Modules\Stocks\Stockify.Modules.Stocks.Application\Stockify.Modules.Stocks.Application.csproj", "{BB51A443-533D-449A-AA6E-5FA72EF3B79F}"
EndProject
Project("{FAE04EC0-301F-11D3-BF4B-00C04F79EFBC}") = "Stockify.Modules.Stocks.Infrastructure", "src\Modules\Stocks\Stockify.Modules.Stocks.Infrastructure\Stockify.Modules.Stocks.Infrastructure.csproj", "{A80F3CEB-15C8-4905-AB79-1E6008A63DFF}"
EndProject
Project("{FAE04EC0-301F-11D3-BF4B-00C04F79EFBC}") = "Stockify.Modules.Stocks.Presentation", "src\Modules\Stocks\Stockify.Modules.Stocks.Presentation\Stockify.Modules.Stocks.Presentation.csproj", "{13BA1F87-B292-4815-A082-2C3EC314EA8E}"
EndProject
Project("{FAE04EC0-301F-11D3-BF4B-00C04F79EFBC}") = "Stockify.Modules.Stocks.IntegrationEvents", "src\Modules\Stocks\Stockify.Modules.Stocks.IntegrationEvents\Stockify.Modules.Stocks.IntegrationEvents.csproj", "{9F6D8107-68C5-40DB-8446-98935632D6B8}"
EndProject
Project("{FAE04EC0-301F-11D3-BF4B-00C04F79EFBC}") = "Stockify.ArchitectureTests", "tests\Stockify.ArchitectureTests\Stockify.ArchitectureTests.csproj", "{FDA8F4E0-5DD4-4940-A979-6E9036BCE4B1}"
EndProject
Project("{FAE04EC0-301F-11D3-BF4B-00C04F79EFBC}") = "Stockify.IntegrationTests", "tests\Stockify.IntegrationTests\Stockify.IntegrationTests.csproj", "{E7B2079B-544B-4072-9787-C34C979E29EF}"
EndProject
Global
	GlobalSection(ExtensibilityGlobals) = postSolution
		SolutionGuid = {D9A29C85-3576-4A6E-A5C4-F62DDBAF2E72}
	EndGlobalSection
	GlobalSection(SolutionConfigurationPlatforms) = preSolution
		Debug|Any CPU = Debug|Any CPU
		Release|Any CPU = Release|Any CPU
	EndGlobalSection
	GlobalSection(ProjectConfigurationPlatforms) = postSolution
		{164C1404-2555-4F47-8A1D-BE04A6D96535}.Debug|Any CPU.ActiveCfg = Debug|Any CPU
		{164C1404-2555-4F47-8A1D-BE04A6D96535}.Debug|Any CPU.Build.0 = Debug|Any CPU
		{164C1404-2555-4F47-8A1D-BE04A6D96535}.Release|Any CPU.ActiveCfg = Release|Any CPU
		{164C1404-2555-4F47-8A1D-BE04A6D96535}.Release|Any CPU.Build.0 = Release|Any CPU
		{23E7D90F-67C2-46CE-A01A-6C6EB88E613C}.Debug|Any CPU.ActiveCfg = Debug|Any CPU
		{23E7D90F-67C2-46CE-A01A-6C6EB88E613C}.Debug|Any CPU.Build.0 = Debug|Any CPU
		{23E7D90F-67C2-46CE-A01A-6C6EB88E613C}.Release|Any CPU.ActiveCfg = Release|Any CPU
		{23E7D90F-67C2-46CE-A01A-6C6EB88E613C}.Release|Any CPU.Build.0 = Release|Any CPU
		{9B486709-18FD-4CBD-BB11-AB5EABB2E10F}.Debug|Any CPU.ActiveCfg = Debug|Any CPU
		{9B486709-18FD-4CBD-BB11-AB5EABB2E10F}.Debug|Any CPU.Build.0 = Debug|Any CPU
		{9B486709-18FD-4CBD-BB11-AB5EABB2E10F}.Release|Any CPU.ActiveCfg = Release|Any CPU
		{9B486709-18FD-4CBD-BB11-AB5EABB2E10F}.Release|Any CPU.Build.0 = Release|Any CPU
		{E79C54EA-2111-4502-8912-B6E1A25D5805}.Debug|Any CPU.ActiveCfg = Debug|Any CPU
		{E79C54EA-2111-4502-8912-B6E1A25D5805}.Debug|Any CPU.Build.0 = Debug|Any CPU
		{E79C54EA-2111-4502-8912-B6E1A25D5805}.Release|Any CPU.ActiveCfg = Release|Any CPU
		{E79C54EA-2111-4502-8912-B6E1A25D5805}.Release|Any CPU.Build.0 = Release|Any CPU
		{A029F03A-B114-4CFC-BB2C-F5E19F165945}.Debug|Any CPU.ActiveCfg = Debug|Any CPU
		{A029F03A-B114-4CFC-BB2C-F5E19F165945}.Debug|Any CPU.Build.0 = Debug|Any CPU
		{A029F03A-B114-4CFC-BB2C-F5E19F165945}.Release|Any CPU.ActiveCfg = Release|Any CPU
		{A029F03A-B114-4CFC-BB2C-F5E19F165945}.Release|Any CPU.Build.0 = Release|Any CPU
		{1425A404-7C4F-497D-8BCA-16883FB0F3DA}.Debug|Any CPU.ActiveCfg = Debug|Any CPU
		{1425A404-7C4F-497D-8BCA-16883FB0F3DA}.Debug|Any CPU.Build.0 = Debug|Any CPU
		{1425A404-7C4F-497D-8BCA-16883FB0F3DA}.Release|Any CPU.ActiveCfg = Release|Any CPU
		{1425A404-7C4F-497D-8BCA-16883FB0F3DA}.Release|Any CPU.Build.0 = Release|Any CPU
		{3B12B3D4-AACC-43BD-B904-64CF4DFC4B39}.Debug|Any CPU.ActiveCfg = Debug|Any CPU
		{3B12B3D4-AACC-43BD-B904-64CF4DFC4B39}.Debug|Any CPU.Build.0 = Debug|Any CPU
		{3B12B3D4-AACC-43BD-B904-64CF4DFC4B39}.Release|Any CPU.ActiveCfg = Release|Any CPU
		{3B12B3D4-AACC-43BD-B904-64CF4DFC4B39}.Release|Any CPU.Build.0 = Release|Any CPU
		{735D16F2-9F44-41C1-A554-FE08F75C84AE}.Debug|Any CPU.ActiveCfg = Debug|Any CPU
		{735D16F2-9F44-41C1-A554-FE08F75C84AE}.Debug|Any CPU.Build.0 = Debug|Any CPU
		{735D16F2-9F44-41C1-A554-FE08F75C84AE}.Release|Any CPU.ActiveCfg = Release|Any CPU
		{735D16F2-9F44-41C1-A554-FE08F75C84AE}.Release|Any CPU.Build.0 = Release|Any CPU
		{9DC201CD-94F1-46FD-9A6A-733E57B0A3EE}.Debug|Any CPU.ActiveCfg = Debug|Any CPU
		{9DC201CD-94F1-46FD-9A6A-733E57B0A3EE}.Debug|Any CPU.Build.0 = Debug|Any CPU
		{9DC201CD-94F1-46FD-9A6A-733E57B0A3EE}.Release|Any CPU.ActiveCfg = Release|Any CPU
		{9DC201CD-94F1-46FD-9A6A-733E57B0A3EE}.Release|Any CPU.Build.0 = Release|Any CPU
		{0E8F02A9-78A2-4B2C-B480-8DE21075FFA2}.Debug|Any CPU.ActiveCfg = Debug|Any CPU
		{0E8F02A9-78A2-4B2C-B480-8DE21075FFA2}.Debug|Any CPU.Build.0 = Debug|Any CPU
		{0E8F02A9-78A2-4B2C-B480-8DE21075FFA2}.Release|Any CPU.ActiveCfg = Release|Any CPU
		{0E8F02A9-78A2-4B2C-B480-8DE21075FFA2}.Release|Any CPU.Build.0 = Release|Any CPU
		{DD8AB109-ACFC-4BF1-B2BD-C6AE48BB8879}.Debug|Any CPU.ActiveCfg = Debug|Any CPU
		{DD8AB109-ACFC-4BF1-B2BD-C6AE48BB8879}.Debug|Any CPU.Build.0 = Debug|Any CPU
		{DD8AB109-ACFC-4BF1-B2BD-C6AE48BB8879}.Release|Any CPU.ActiveCfg = Release|Any CPU
		{DD8AB109-ACFC-4BF1-B2BD-C6AE48BB8879}.Release|Any CPU.Build.0 = Release|Any CPU
		{FCDF1432-C6DA-4ECF-8B60-816B9FB4EB32}.Debug|Any CPU.ActiveCfg = Debug|Any CPU
		{FCDF1432-C6DA-4ECF-8B60-816B9FB4EB32}.Debug|Any CPU.Build.0 = Debug|Any CPU
		{FCDF1432-C6DA-4ECF-8B60-816B9FB4EB32}.Release|Any CPU.ActiveCfg = Release|Any CPU
		{FCDF1432-C6DA-4ECF-8B60-816B9FB4EB32}.Release|Any CPU.Build.0 = Release|Any CPU
		{F4FA55E4-D704-4C88-86BE-0DBE41FD1721}.Debug|Any CPU.ActiveCfg = Debug|Any CPU
		{F4FA55E4-D704-4C88-86BE-0DBE41FD1721}.Debug|Any CPU.Build.0 = Debug|Any CPU
		{F4FA55E4-D704-4C88-86BE-0DBE41FD1721}.Release|Any CPU.ActiveCfg = Release|Any CPU
		{F4FA55E4-D704-4C88-86BE-0DBE41FD1721}.Release|Any CPU.Build.0 = Release|Any CPU
		{6DD508CD-F491-41D2-81B9-6D5AA12B1189}.Debug|Any CPU.ActiveCfg = Debug|Any CPU
		{6DD508CD-F491-41D2-81B9-6D5AA12B1189}.Debug|Any CPU.Build.0 = Debug|Any CPU
		{6DD508CD-F491-41D2-81B9-6D5AA12B1189}.Release|Any CPU.ActiveCfg = Release|Any CPU
		{6DD508CD-F491-41D2-81B9-6D5AA12B1189}.Release|Any CPU.Build.0 = Release|Any CPU
		{29F9787D-FA00-48D7-AD15-85EFBFCAC823}.Debug|Any CPU.ActiveCfg = Debug|Any CPU
		{29F9787D-FA00-48D7-AD15-85EFBFCAC823}.Debug|Any CPU.Build.0 = Debug|Any CPU
		{29F9787D-FA00-48D7-AD15-85EFBFCAC823}.Release|Any CPU.ActiveCfg = Release|Any CPU
		{29F9787D-FA00-48D7-AD15-85EFBFCAC823}.Release|Any CPU.Build.0 = Release|Any CPU
		{8D091368-1E12-4AB3-9C6B-B26A5CB00FDE}.Debug|Any CPU.ActiveCfg = Debug|Any CPU
		{8D091368-1E12-4AB3-9C6B-B26A5CB00FDE}.Debug|Any CPU.Build.0 = Debug|Any CPU
		{8D091368-1E12-4AB3-9C6B-B26A5CB00FDE}.Release|Any CPU.ActiveCfg = Release|Any CPU
		{8D091368-1E12-4AB3-9C6B-B26A5CB00FDE}.Release|Any CPU.Build.0 = Release|Any CPU
		{4F1361B6-0B04-4FB8-8D32-D8517151FF7C}.Debug|Any CPU.ActiveCfg = Debug|Any CPU
		{4F1361B6-0B04-4FB8-8D32-D8517151FF7C}.Debug|Any CPU.Build.0 = Debug|Any CPU
		{4F1361B6-0B04-4FB8-8D32-D8517151FF7C}.Release|Any CPU.ActiveCfg = Release|Any CPU
		{4F1361B6-0B04-4FB8-8D32-D8517151FF7C}.Release|Any CPU.Build.0 = Release|Any CPU
		{69953022-1ED5-442C-98CF-F94AE14D466F}.Debug|Any CPU.ActiveCfg = Debug|Any CPU
		{69953022-1ED5-442C-98CF-F94AE14D466F}.Debug|Any CPU.Build.0 = Debug|Any CPU
		{69953022-1ED5-442C-98CF-F94AE14D466F}.Release|Any CPU.ActiveCfg = Release|Any CPU
		{69953022-1ED5-442C-98CF-F94AE14D466F}.Release|Any CPU.Build.0 = Release|Any CPU
		{BB51A443-533D-449A-AA6E-5FA72EF3B79F}.Debug|Any CPU.ActiveCfg = Debug|Any CPU
		{BB51A443-533D-449A-AA6E-5FA72EF3B79F}.Debug|Any CPU.Build.0 = Debug|Any CPU
		{BB51A443-533D-449A-AA6E-5FA72EF3B79F}.Release|Any CPU.ActiveCfg = Release|Any CPU
		{BB51A443-533D-449A-AA6E-5FA72EF3B79F}.Release|Any CPU.Build.0 = Release|Any CPU
		{A80F3CEB-15C8-4905-AB79-1E6008A63DFF}.Debug|Any CPU.ActiveCfg = Debug|Any CPU
		{A80F3CEB-15C8-4905-AB79-1E6008A63DFF}.Debug|Any CPU.Build.0 = Debug|Any CPU
		{A80F3CEB-15C8-4905-AB79-1E6008A63DFF}.Release|Any CPU.ActiveCfg = Release|Any CPU
		{A80F3CEB-15C8-4905-AB79-1E6008A63DFF}.Release|Any CPU.Build.0 = Release|Any CPU
		{13BA1F87-B292-4815-A082-2C3EC314EA8E}.Debug|Any CPU.ActiveCfg = Debug|Any CPU
		{13BA1F87-B292-4815-A082-2C3EC314EA8E}.Debug|Any CPU.Build.0 = Debug|Any CPU
		{13BA1F87-B292-4815-A082-2C3EC314EA8E}.Release|Any CPU.ActiveCfg = Release|Any CPU
		{13BA1F87-B292-4815-A082-2C3EC314EA8E}.Release|Any CPU.Build.0 = Release|Any CPU
		{9F6D8107-68C5-40DB-8446-98935632D6B8}.Debug|Any CPU.ActiveCfg = Debug|Any CPU
		{9F6D8107-68C5-40DB-8446-98935632D6B8}.Debug|Any CPU.Build.0 = Debug|Any CPU
		{9F6D8107-68C5-40DB-8446-98935632D6B8}.Release|Any CPU.ActiveCfg = Release|Any CPU
		{9F6D8107-68C5-40DB-8446-98935632D6B8}.Release|Any CPU.Build.0 = Release|Any CPU
		{FDA8F4E0-5DD4-4940-A979-6E9036BCE4B1}.Debug|Any CPU.ActiveCfg = Debug|Any CPU
		{FDA8F4E0-5DD4-4940-A979-6E9036BCE4B1}.Debug|Any CPU.Build.0 = Debug|Any CPU
		{FDA8F4E0-5DD4-4940-A979-6E9036BCE4B1}.Release|Any CPU.ActiveCfg = Release|Any CPU
		{FDA8F4E0-5DD4-4940-A979-6E9036BCE4B1}.Release|Any CPU.Build.0 = Release|Any CPU
		{E7B2079B-544B-4072-9787-C34C979E29EF}.Debug|Any CPU.ActiveCfg = Debug|Any CPU
		{E7B2079B-544B-4072-9787-C34C979E29EF}.Debug|Any CPU.Build.0 = Debug|Any CPU
		{E7B2079B-544B-4072-9787-C34C979E29EF}.Release|Any CPU.ActiveCfg = Release|Any CPU
		{E7B2079B-544B-4072-9787-C34C979E29EF}.Release|Any CPU.Build.0 = Release|Any CPU
	EndGlobalSection
	GlobalSection(NestedProjects) = preSolution
		{79B0C265-DF2D-4330-9899-F31666C5EE81} = {7FA6DDDF-6B67-4972-96D7-9DFB60305BAF}
		{D48B8939-6023-4061-83CA-77CE8E5BC12C} = {7FA6DDDF-6B67-4972-96D7-9DFB60305BAF}
		{9EF2E3A3-0BC7-4B85-AB75-DF67C26C5CFF} = {7FA6DDDF-6B67-4972-96D7-9DFB60305BAF}
		{164C1404-2555-4F47-8A1D-BE04A6D96535} = {79B0C265-DF2D-4330-9899-F31666C5EE81}
		{9B486709-18FD-4CBD-BB11-AB5EABB2E10F} = {D48B8939-6023-4061-83CA-77CE8E5BC12C}
		{E79C54EA-2111-4502-8912-B6E1A25D5805} = {D48B8939-6023-4061-83CA-77CE8E5BC12C}
		{A029F03A-B114-4CFC-BB2C-F5E19F165945} = {D48B8939-6023-4061-83CA-77CE8E5BC12C}
		{2F6E5BEE-AE53-4FAF-AF2D-9A02ADD31C25} = {9EF2E3A3-0BC7-4B85-AB75-DF67C26C5CFF}
		{1425A404-7C4F-497D-8BCA-16883FB0F3DA} = {2F6E5BEE-AE53-4FAF-AF2D-9A02ADD31C25}
		{3B12B3D4-AACC-43BD-B904-64CF4DFC4B39} = {2F6E5BEE-AE53-4FAF-AF2D-9A02ADD31C25}
		{735D16F2-9F44-41C1-A554-FE08F75C84AE} = {2F6E5BEE-AE53-4FAF-AF2D-9A02ADD31C25}
		{9DC201CD-94F1-46FD-9A6A-733E57B0A3EE} = {D48B8939-6023-4061-83CA-77CE8E5BC12C}
		{0E8F02A9-78A2-4B2C-B480-8DE21075FFA2} = {2F6E5BEE-AE53-4FAF-AF2D-9A02ADD31C25}
		{DD8AB109-ACFC-4BF1-B2BD-C6AE48BB8879} = {2F6E5BEE-AE53-4FAF-AF2D-9A02ADD31C25}
		{7E0F8ACA-DAB8-4073-A1FF-5F29BC6F1A71} = {2F6E5BEE-AE53-4FAF-AF2D-9A02ADD31C25}
		{FCDF1432-C6DA-4ECF-8B60-816B9FB4EB32} = {7E0F8ACA-DAB8-4073-A1FF-5F29BC6F1A71}
		{534DDA39-F4E4-42CD-A9B1-C65177497F96} = {9EF2E3A3-0BC7-4B85-AB75-DF67C26C5CFF}
		{F4FA55E4-D704-4C88-86BE-0DBE41FD1721} = {534DDA39-F4E4-42CD-A9B1-C65177497F96}
		{6DD508CD-F491-41D2-81B9-6D5AA12B1189} = {534DDA39-F4E4-42CD-A9B1-C65177497F96}
		{29F9787D-FA00-48D7-AD15-85EFBFCAC823} = {534DDA39-F4E4-42CD-A9B1-C65177497F96}
		{8D091368-1E12-4AB3-9C6B-B26A5CB00FDE} = {534DDA39-F4E4-42CD-A9B1-C65177497F96}
		{4F1361B6-0B04-4FB8-8D32-D8517151FF7C} = {534DDA39-F4E4-42CD-A9B1-C65177497F96}
		{D727D4F1-7A14-420C-981D-D48E0F605B1B} = {9EF2E3A3-0BC7-4B85-AB75-DF67C26C5CFF}
		{69953022-1ED5-442C-98CF-F94AE14D466F} = {D727D4F1-7A14-420C-981D-D48E0F605B1B}
		{BB51A443-533D-449A-AA6E-5FA72EF3B79F} = {D727D4F1-7A14-420C-981D-D48E0F605B1B}
		{A80F3CEB-15C8-4905-AB79-1E6008A63DFF} = {D727D4F1-7A14-420C-981D-D48E0F605B1B}
		{13BA1F87-B292-4815-A082-2C3EC314EA8E} = {D727D4F1-7A14-420C-981D-D48E0F605B1B}
		{9F6D8107-68C5-40DB-8446-98935632D6B8} = {D727D4F1-7A14-420C-981D-D48E0F605B1B}
		{FDA8F4E0-5DD4-4940-A979-6E9036BCE4B1} = {19414345-B845-4197-BCB9-2AEE5CA411A4}
		{E7B2079B-544B-4072-9787-C34C979E29EF} = {19414345-B845-4197-BCB9-2AEE5CA411A4}
	EndGlobalSection
	GlobalSection(SolutionProperties) = preSolution
		HideSolutionNode = FALSE
	EndGlobalSection
EndGlobal
